
Microsoft Visual Studio Solution File, Format Version 12.00
# Visual Studio Version 17
VisualStudioVersion = 17.0.31808.319
MinimumVisualStudioVersion = 10.0.40219.1
Project("{E53339B2-1760-4266-BCC7-CA923CBCF16C}") = "docker-compose", "docker-compose.dcproj", "{69C2D76A-4F58-4C88-825F-7402C863D100}"
EndProject
Project("{FAE04EC0-301F-11D3-BF4B-00C04F79EFBC}") = "basiliskbot", "basiliskbot\basiliskbot.csproj", "{8AEDDA8D-7A2A-4E0D-AB26-44760CBAF3AD}"
EndProject
Global
	GlobalSection(SolutionConfigurationPlatforms) = preSolution
		Debug|Any CPU = Debug|Any CPU
		Release|Any CPU = Release|Any CPU
	EndGlobalSection
	GlobalSection(ProjectConfigurationPlatforms) = postSolution
		{69C2D76A-4F58-4C88-825F-7402C863D100}.Debug|Any CPU.ActiveCfg = Debug|Any CPU
		{69C2D76A-4F58-4C88-825F-7402C863D100}.Debug|Any CPU.Build.0 = Debug|Any CPU
		{69C2D76A-4F58-4C88-825F-7402C863D100}.Release|Any CPU.ActiveCfg = Release|Any CPU
		{69C2D76A-4F58-4C88-825F-7402C863D100}.Release|Any CPU.Build.0 = Release|Any CPU
		{8AEDDA8D-7A2A-4E0D-AB26-44760CBAF3AD}.Debug|Any CPU.ActiveCfg = Debug|Any CPU
		{8AEDDA8D-7A2A-4E0D-AB26-44760CBAF3AD}.Debug|Any CPU.Build.0 = Debug|Any CPU
		{8AEDDA8D-7A2A-4E0D-AB26-44760CBAF3AD}.Release|Any CPU.ActiveCfg = Release|Any CPU
		{8AEDDA8D-7A2A-4E0D-AB26-44760CBAF3AD}.Release|Any CPU.Build.0 = Release|Any CPU
	EndGlobalSection
	GlobalSection(SolutionProperties) = preSolution
		HideSolutionNode = FALSE
	EndGlobalSection
	GlobalSection(ExtensibilityGlobals) = postSolution
		SolutionGuid = {9B26E263-A69E-4C7D-8D99-0C4B6A2FB715}
	EndGlobalSection
EndGlobal
